
Microsoft Visual Studio Solution File, Format Version 12.00
# Visual Studio Version 16
VisualStudioVersion = 16.0.30517.126
MinimumVisualStudioVersion = 10.0.40219.1
Project("{FAE04EC0-301F-11D3-BF4B-00C04F79EFBC}") = "SEHS", "SEHS.csproj", "{D8FFF29E-9023-4666-91DD-9BEED824A0D7}"
EndProject
Global
	GlobalSection(SolutionConfigurationPlatforms) = preSolution
		Debug|Any CPU = Debug|Any CPU
		Release|Any CPU = Release|Any CPU
	EndGlobalSection
	GlobalSection(ProjectConfigurationPlatforms) = postSolution
		{D8FFF29E-9023-4666-91DD-9BEED824A0D7}.Debug|Any CPU.ActiveCfg = Debug|Any CPU
		{D8FFF29E-9023-4666-91DD-9BEED824A0D7}.Debug|Any CPU.Build.0 = Debug|Any CPU
		{D8FFF29E-9023-4666-91DD-9BEED824A0D7}.Release|Any CPU.ActiveCfg = Release|Any CPU
		{D8FFF29E-9023-4666-91DD-9BEED824A0D7}.Release|Any CPU.Build.0 = Release|Any CPU
	EndGlobalSection
	GlobalSection(SolutionProperties) = preSolution
		HideSolutionNode = FALSE
	EndGlobalSection
	GlobalSection(ExtensibilityGlobals) = postSolution
		SolutionGuid = {0E1F1E72-16A1-4851-9B3B-105B0457733D}
	EndGlobalSection
EndGlobal
